{
  "requires": true,
  "lockfileVersion": 1,
  "dependencies": {
    "mrdotballard-palindrome": {
      "version": "0.1.0",
      "resolved": "https://registry.npmjs.org/mrdotballard-palindrome/-/mrdotballard-palindrome-0.1.0.tgz",
      "integrity": "sha512-+wkuT3jTxfothv+3f8RbMG+zvZlsedpnpEDfIGiARh/ih0+posh/RdghZwva+T1yf0KmOE1WTUQQQbEWqP10nQ=="
    }
  }
}
